// !$*UTF8*$!
{
	archiveVersion = 1;
	classes = {
	};
	objectVersion = 56;
	objects = {

/* Begin PBXBuildFile section */
		BA7CF22B2B96D516004C2317 /* AppDelegate.swift in Sources */ = {isa = PBXBuildFile; fileRef = BA7CF22A2B96D516004C2317 /* AppDelegate.swift */; };
		BA7CF22D2B96D516004C2317 /* SceneDelegate.swift in Sources */ = {isa = PBXBuildFile; fileRef = BA7CF22C2B96D516004C2317 /* SceneDelegate.swift */; };
		BA7CF22F2B96D516004C2317 /* ViewController.swift in Sources */ = {isa = PBXBuildFile; fileRef = BA7CF22E2B96D516004C2317 /* ViewController.swift */; };
		BA7CF2322B96D516004C2317 /* Main.storyboard in Resources */ = {isa = PBXBuildFile; fileRef = BA7CF2302B96D516004C2317 /* Main.storyboard */; };
		BA7CF2342B96D518004C2317 /* Assets.xcassets in Resources */ = {isa = PBXBuildFile; fileRef = BA7CF2332B96D518004C2317 /* Assets.xcassets */; };
		BA7CF2372B96D518004C2317 /* LaunchScreen.storyboard in Resources */ = {isa = PBXBuildFile; fileRef = BA7CF2352B96D518004C2317 /* LaunchScreen.storyboard */; };
		BA7CF2422B96D518004C2317 /* NavigationTests.swift in Sources */ = {isa = PBXBuildFile; fileRef = BA7CF2412B96D518004C2317 /* NavigationTests.swift */; };
		BA7CF24C2B96D518004C2317 /* NavigationUITests.swift in Sources */ = {isa = PBXBuildFile; fileRef = BA7CF24B2B96D518004C2317 /* NavigationUITests.swift */; };
		BA7CF24E2B96D518004C2317 /* NavigationUITestsLaunchTests.swift in Sources */ = {isa = PBXBuildFile; fileRef = BA7CF24D2B96D518004C2317 /* NavigationUITestsLaunchTests.swift */; };
		BA7CF25C2B96E01F004C2317 /* MapboxCoreNavigation in Frameworks */ = {isa = PBXBuildFile; productRef = BA7CF25B2B96E01F004C2317 /* MapboxCoreNavigation */; };
		BA7CF25E2B96E01F004C2317 /* MapboxNavigation in Frameworks */ = {isa = PBXBuildFile; productRef = BA7CF25D2B96E01F004C2317 /* MapboxNavigation */; };
/* End PBXBuildFile section */

/* Begin PBXContainerItemProxy section */
		BA7CF23E2B96D518004C2317 /* PBXContainerItemProxy */ = {
			isa = PBXContainerItemProxy;
			containerPortal = BA7CF21F2B96D516004C2317 /* Project object */;
			proxyType = 1;
			remoteGlobalIDString = BA7CF2262B96D516004C2317;
			remoteInfo = Navigation;
		};
		BA7CF2482B96D518004C2317 /* PBXContainerItemProxy */ = {
			isa = PBXContainerItemProxy;
			containerPortal = BA7CF21F2B96D516004C2317 /* Project object */;
			proxyType = 1;
			remoteGlobalIDString = BA7CF2262B96D516004C2317;
			remoteInfo = Navigation;
		};
/* End PBXContainerItemProxy section */

/* Begin PBXFileReference section */
		BA7CF2272B96D516004C2317 /* Navigation.app */ = {isa = PBXFileReference; explicitFileType = wrapper.application; includeInIndex = 0; path = Navigation.app; sourceTree = BUILT_PRODUCTS_DIR; };
		BA7CF22A2B96D516004C2317 /* AppDelegate.swift */ = {isa = PBXFileReference; lastKnownFileType = sourcecode.swift; path = AppDelegate.swift; sourceTree = "<group>"; };
		BA7CF22C2B96D516004C2317 /* SceneDelegate.swift */ = {isa = PBXFileReference; lastKnownFileType = sourcecode.swift; path = SceneDelegate.swift; sourceTree = "<group>"; };
		BA7CF22E2B96D516004C2317 /* ViewController.swift */ = {isa = PBXFileReference; lastKnownFileType = sourcecode.swift; path = ViewController.swift; sourceTree = "<group>"; };
		BA7CF2312B96D516004C2317 /* Base */ = {isa = PBXFileReference; lastKnownFileType = file.storyboard; name = Base; path = Base.lproj/Main.storyboard; sourceTree = "<group>"; };
		BA7CF2332B96D518004C2317 /* Assets.xcassets */ = {isa = PBXFileReference; lastKnownFileType = folder.assetcatalog; path = Assets.xcassets; sourceTree = "<group>"; };
		BA7CF2362B96D518004C2317 /* Base */ = {isa = PBXFileReference; lastKnownFileType = file.storyboard; name = Base; path = Base.lproj/LaunchScreen.storyboard; sourceTree = "<group>"; };
		BA7CF2382B96D518004C2317 /* Info.plist */ = {isa = PBXFileReference; lastKnownFileType = text.plist.xml; path = Info.plist; sourceTree = "<group>"; };
		BA7CF23D2B96D518004C2317 /* NavigationTests.xctest */ = {isa = PBXFileReference; explicitFileType = wrapper.cfbundle; includeInIndex = 0; path = NavigationTests.xctest; sourceTree = BUILT_PRODUCTS_DIR; };
		BA7CF2412B96D518004C2317 /* NavigationTests.swift */ = {isa = PBXFileReference; lastKnownFileType = sourcecode.swift; path = NavigationTests.swift; sourceTree = "<group>"; };
		BA7CF2472B96D518004C2317 /* NavigationUITests.xctest */ = {isa = PBXFileReference; explicitFileType = wrapper.cfbundle; includeInIndex = 0; path = NavigationUITests.xctest; sourceTree = BUILT_PRODUCTS_DIR; };
		BA7CF24B2B96D518004C2317 /* NavigationUITests.swift */ = {isa = PBXFileReference; lastKnownFileType = sourcecode.swift; path = NavigationUITests.swift; sourceTree = "<group>"; };
		BA7CF24D2B96D518004C2317 /* NavigationUITestsLaunchTests.swift */ = {isa = PBXFileReference; lastKnownFileType = sourcecode.swift; path = NavigationUITestsLaunchTests.swift; sourceTree = "<group>"; };
/* End PBXFileReference section */

/* Begin PBXFrameworksBuildPhase section */
		BA7CF2242B96D516004C2317 /* Frameworks */ = {
			isa = PBXFrameworksBuildPhase;
			buildActionMask = 2147483647;
			files = (
				BA7CF25C2B96E01F004C2317 /* MapboxCoreNavigation in Frameworks */,
				BA7CF25E2B96E01F004C2317 /* MapboxNavigation in Frameworks */,
			);
			runOnlyForDeploymentPostprocessing = 0;
		};
		BA7CF23A2B96D518004C2317 /* Frameworks */ = {
			isa = PBXFrameworksBuildPhase;
			buildActionMask = 2147483647;
			files = (
			);
			runOnlyForDeploymentPostprocessing = 0;
		};
		BA7CF2442B96D518004C2317 /* Frameworks */ = {
			isa = PBXFrameworksBuildPhase;
			buildActionMask = 2147483647;
			files = (
			);
			runOnlyForDeploymentPostprocessing = 0;
		};
/* End PBXFrameworksBuildPhase section */

/* Begin PBXGroup section */
		BA7CF21E2B96D516004C2317 = {
			isa = PBXGroup;
			children = (
				BA7CF2292B96D516004C2317 /* Navigation */,
				BA7CF2402B96D518004C2317 /* NavigationTests */,
				BA7CF24A2B96D518004C2317 /* NavigationUITests */,
				BA7CF2282B96D516004C2317 /* Products */,
			);
			sourceTree = "<group>";
		};
		BA7CF2282B96D516004C2317 /* Products */ = {
			isa = PBXGroup;
			children = (
				BA7CF2272B96D516004C2317 /* Navigation.app */,
				BA7CF23D2B96D518004C2317 /* NavigationTests.xctest */,
				BA7CF2472B96D518004C2317 /* NavigationUITests.xctest */,
			);
			name = Products;
			sourceTree = "<group>";
		};
		BA7CF2292B96D516004C2317 /* Navigation */ = {
			isa = PBXGroup;
			children = (
				BA7CF22A2B96D516004C2317 /* AppDelegate.swift */,
				BA7CF22C2B96D516004C2317 /* SceneDelegate.swift */,
				BA7CF22E2B96D516004C2317 /* ViewController.swift */,
				BA7CF2302B96D516004C2317 /* Main.storyboard */,
				BA7CF2332B96D518004C2317 /* Assets.xcassets */,
				BA7CF2352B96D518004C2317 /* LaunchScreen.storyboard */,
				BA7CF2382B96D518004C2317 /* Info.plist */,
			);
			path = Navigation;
			sourceTree = "<group>";
		};
		BA7CF2402B96D518004C2317 /* NavigationTests */ = {
			isa = PBXGroup;
			children = (
				BA7CF2412B96D518004C2317 /* NavigationTests.swift */,
			);
			path = NavigationTests;
			sourceTree = "<group>";
		};
		BA7CF24A2B96D518004C2317 /* NavigationUITests */ = {
			isa = PBXGroup;
			children = (
				BA7CF24B2B96D518004C2317 /* NavigationUITests.swift */,
				BA7CF24D2B96D518004C2317 /* NavigationUITestsLaunchTests.swift */,
			);
			path = NavigationUITests;
			sourceTree = "<group>";
		};
/* End PBXGroup section */

/* Begin PBXNativeTarget section */
		BA7CF2262B96D516004C2317 /* Navigation */ = {
			isa = PBXNativeTarget;
			buildConfigurationList = BA7CF2512B96D518004C2317 /* Build configuration list for PBXNativeTarget "Navigation" */;
			buildPhases = (
				BA7CF2232B96D516004C2317 /* Sources */,
				BA7CF2242B96D516004C2317 /* Frameworks */,
				BA7CF2252B96D516004C2317 /* Resources */,
			);
			buildRules = (
			);
			dependencies = (
			);
			name = Navigation;
			packageProductDependencies = (
				BA7CF25B2B96E01F004C2317 /* MapboxCoreNavigation */,
				BA7CF25D2B96E01F004C2317 /* MapboxNavigation */,
			);
			productName = Navigation;
			productReference = BA7CF2272B96D516004C2317 /* Navigation.app */;
			productType = "com.apple.product-type.application";
		};
		BA7CF23C2B96D518004C2317 /* NavigationTests */ = {
			isa = PBXNativeTarget;
			buildConfigurationList = BA7CF2542B96D518004C2317 /* Build configuration list for PBXNativeTarget "NavigationTests" */;
			buildPhases = (
				BA7CF2392B96D518004C2317 /* Sources */,
				BA7CF23A2B96D518004C2317 /* Frameworks */,
				BA7CF23B2B96D518004C2317 /* Resources */,
			);
			buildRules = (
			);
			dependencies = (
				BA7CF23F2B96D518004C2317 /* PBXTargetDependency */,
			);
			name = NavigationTests;
			productName = NavigationTests;
			productReference = BA7CF23D2B96D518004C2317 /* NavigationTests.xctest */;
			productType = "com.apple.product-type.bundle.unit-test";
		};
		BA7CF2462B96D518004C2317 /* NavigationUITests */ = {
			isa = PBXNativeTarget;
			buildConfigurationList = BA7CF2572B96D518004C2317 /* Build configuration list for PBXNativeTarget "NavigationUITests" */;
			buildPhases = (
				BA7CF2432B96D518004C2317 /* Sources */,
				BA7CF2442B96D518004C2317 /* Frameworks */,
				BA7CF2452B96D518004C2317 /* Resources */,
			);
			buildRules = (
			);
			dependencies = (
				BA7CF2492B96D518004C2317 /* PBXTargetDependency */,
			);
			name = NavigationUITests;
			productName = NavigationUITests;
			productReference = BA7CF2472B96D518004C2317 /* NavigationUITests.xctest */;
			productType = "com.apple.product-type.bundle.ui-testing";
		};
/* End PBXNativeTarget section */

/* Begin PBXProject section */
		BA7CF21F2B96D516004C2317 /* Project object */ = {
			isa = PBXProject;
			attributes = {
				BuildIndependentTargetsInParallel = 1;
				LastSwiftUpdateCheck = 1520;
				LastUpgradeCheck = 1520;
				TargetAttributes = {
					BA7CF2262B96D516004C2317 = {
						CreatedOnToolsVersion = 15.2;
					};
					BA7CF23C2B96D518004C2317 = {
						CreatedOnToolsVersion = 15.2;
						TestTargetID = BA7CF2262B96D516004C2317;
					};
					BA7CF2462B96D518004C2317 = {
						CreatedOnToolsVersion = 15.2;
						TestTargetID = BA7CF2262B96D516004C2317;
					};
				};
			};
			buildConfigurationList = BA7CF2222B96D516004C2317 /* Build configuration list for PBXProject "Navigation" */;
			compatibilityVersion = "Xcode 14.0";
			developmentRegion = en;
			hasScannedForEncodings = 0;
			knownRegions = (
				en,
				Base,
			);
			mainGroup = BA7CF21E2B96D516004C2317;
			packageReferences = (
				BA7CF25A2B96D708004C2317 /* XCRemoteSwiftPackageReference "mapbox-navigation-ios" */,
			);
			productRefGroup = BA7CF2282B96D516004C2317 /* Products */;
			projectDirPath = "";
			projectRoot = "";
			targets = (
				BA7CF2262B96D516004C2317 /* Navigation */,
				BA7CF23C2B96D518004C2317 /* NavigationTests */,
				BA7CF2462B96D518004C2317 /* NavigationUITests */,
			);
		};
/* End PBXProject section */

/* Begin PBXResourcesBuildPhase section */
		BA7CF2252B96D516004C2317 /* Resources */ = {
			isa = PBXResourcesBuildPhase;
			buildActionMask = 2147483647;
			files = (
				BA7CF2372B96D518004C2317 /* LaunchScreen.storyboard in Resources */,
				BA7CF2342B96D518004C2317 /* Assets.xcassets in Resources */,
				BA7CF2322B96D516004C2317 /* Main.storyboard in Resources */,
			);
			runOnlyForDeploymentPostprocessing = 0;
		};
		BA7CF23B2B96D518004C2317 /* Resources */ = {
			isa = PBXResourcesBuildPhase;
			buildActionMask = 2147483647;
			files = (
			);
			runOnlyForDeploymentPostprocessing = 0;
		};
		BA7CF2452B96D518004C2317 /* Resources */ = {
			isa = PBXResourcesBuildPhase;
			buildActionMask = 2147483647;
			files = (
			);
			runOnlyForDeploymentPostprocessing = 0;
		};
/* End PBXResourcesBuildPhase section */

/* Begin PBXSourcesBuildPhase section */
		BA7CF2232B96D516004C2317 /* Sources */ = {
			isa = PBXSourcesBuildPhase;
			buildActionMask = 2147483647;
			files = (
				BA7CF22F2B96D516004C2317 /* ViewController.swift in Sources */,
				BA7CF22B2B96D516004C2317 /* AppDelegate.swift in Sources */,
				BA7CF22D2B96D516004C2317 /* SceneDelegate.swift in Sources */,
			);
			runOnlyForDeploymentPostprocessing = 0;
		};
		BA7CF2392B96D518004C2317 /* Sources */ = {
			isa = PBXSourcesBuildPhase;
			buildActionMask = 2147483647;
			files = (
				BA7CF2422B96D518004C2317 /* NavigationTests.swift in Sources */,
			);
			runOnlyForDeploymentPostprocessing = 0;
		};
		BA7CF2432B96D518004C2317 /* Sources */ = {
			isa = PBXSourcesBuildPhase;
			buildActionMask = 2147483647;
			files = (
				BA7CF24E2B96D518004C2317 /* NavigationUITestsLaunchTests.swift in Sources */,
				BA7CF24C2B96D518004C2317 /* NavigationUITests.swift in Sources */,
			);
			runOnlyForDeploymentPostprocessing = 0;
		};
/* End PBXSourcesBuildPhase section */

/* Begin PBXTargetDependency section */
		BA7CF23F2B96D518004C2317 /* PBXTargetDependency */ = {
			isa = PBXTargetDependency;
			target = BA7CF2262B96D516004C2317 /* Navigation */;
			targetProxy = BA7CF23E2B96D518004C2317 /* PBXContainerItemProxy */;
		};
		BA7CF2492B96D518004C2317 /* PBXTargetDependency */ = {
			isa = PBXTargetDependency;
			target = BA7CF2262B96D516004C2317 /* Navigation */;
			targetProxy = BA7CF2482B96D518004C2317 /* PBXContainerItemProxy */;
		};
/* End PBXTargetDependency section */

/* Begin PBXVariantGroup section */
		BA7CF2302B96D516004C2317 /* Main.storyboard */ = {
			isa = PBXVariantGroup;
			children = (
				BA7CF2312B96D516004C2317 /* Base */,
			);
			name = Main.storyboard;
			sourceTree = "<group>";
		};
		BA7CF2352B96D518004C2317 /* LaunchScreen.storyboard */ = {
			isa = PBXVariantGroup;
			children = (
				BA7CF2362B96D518004C2317 /* Base */,
			);
			name = LaunchScreen.storyboard;
			sourceTree = "<group>";
		};
/* End PBXVariantGroup section */

/* Begin XCBuildConfiguration section */
		BA7CF24F2B96D518004C2317 /* Debug */ = {
			isa = XCBuildConfiguration;
			buildSettings = {
				ALWAYS_SEARCH_USER_PATHS = NO;
				ASSETCATALOG_COMPILER_GENERATE_SWIFT_ASSET_SYMBOL_EXTENSIONS = YES;
				CLANG_ANALYZER_NONNULL = YES;
				CLANG_ANALYZER_NUMBER_OBJECT_CONVERSION = YES_AGGRESSIVE;
				CLANG_CXX_LANGUAGE_STANDARD = "gnu++20";
				CLANG_ENABLE_MODULES = YES;
				CLANG_ENABLE_OBJC_ARC = YES;
				CLANG_ENABLE_OBJC_WEAK = YES;
				CLANG_WARN_BLOCK_CAPTURE_AUTORELEASING = YES;
				CLANG_WARN_BOOL_CONVERSION = YES;
				CLANG_WARN_COMMA = YES;
				CLANG_WARN_CONSTANT_CONVERSION = YES;
				CLANG_WARN_DEPRECATED_OBJC_IMPLEMENTATIONS = YES;
				CLANG_WARN_DIRECT_OBJC_ISA_USAGE = YES_ERROR;
				CLANG_WARN_DOCUMENTATION_COMMENTS = YES;
				CLANG_WARN_EMPTY_BODY = YES;
				CLANG_WARN_ENUM_CONVERSION = YES;
				CLANG_WARN_INFINITE_RECURSION = YES;
				CLANG_WARN_INT_CONVERSION = YES;
				CLANG_WARN_NON_LITERAL_NULL_CONVERSION = YES;
				CLANG_WARN_OBJC_IMPLICIT_RETAIN_SELF = YES;
				CLANG_WARN_OBJC_LITERAL_CONVERSION = YES;
				CLANG_WARN_OBJC_ROOT_CLASS = YES_ERROR;
				CLANG_WARN_QUOTED_INCLUDE_IN_FRAMEWORK_HEADER = YES;
				CLANG_WARN_RANGE_LOOP_ANALYSIS = YES;
				CLANG_WARN_STRICT_PROTOTYPES = YES;
				CLANG_WARN_SUSPICIOUS_MOVE = YES;
				CLANG_WARN_UNGUARDED_AVAILABILITY = YES_AGGRESSIVE;
				CLANG_WARN_UNREACHABLE_CODE = YES;
				CLANG_WARN__DUPLICATE_METHOD_MATCH = YES;
				COPY_PHASE_STRIP = NO;
				DEBUG_INFORMATION_FORMAT = dwarf;
				ENABLE_STRICT_OBJC_MSGSEND = YES;
				ENABLE_TESTABILITY = YES;
				ENABLE_USER_SCRIPT_SANDBOXING = YES;
				GCC_C_LANGUAGE_STANDARD = gnu17;
				GCC_DYNAMIC_NO_PIC = NO;
				GCC_NO_COMMON_BLOCKS = YES;
				GCC_OPTIMIZATION_LEVEL = 0;
				GCC_PREPROCESSOR_DEFINITIONS = (
					"DEBUG=1",
					"$(inherited)",
				);
				GCC_WARN_64_TO_32_BIT_CONVERSION = YES;
				GCC_WARN_ABOUT_RETURN_TYPE = YES_ERROR;
				GCC_WARN_UNDECLARED_SELECTOR = YES;
				GCC_WARN_UNINITIALIZED_AUTOS = YES_AGGRESSIVE;
				GCC_WARN_UNUSED_FUNCTION = YES;
				GCC_WARN_UNUSED_VARIABLE = YES;
				IPHONEOS_DEPLOYMENT_TARGET = 17.2;
				LOCALIZATION_PREFERS_STRING_CATALOGS = YES;
				MTL_ENABLE_DEBUG_INFO = INCLUDE_SOURCE;
				MTL_FAST_MATH = YES;
				ONLY_ACTIVE_ARCH = YES;
				SDKROOT = iphoneos;
				SWIFT_ACTIVE_COMPILATION_CONDITIONS = "DEBUG $(inherited)";
				SWIFT_OPTIMIZATION_LEVEL = "-Onone";
			};
			name = Debug;
		};
		BA7CF2502B96D518004C2317 /* Release */ = {
			isa = XCBuildConfiguration;
			buildSettings = {
				ALWAYS_SEARCH_USER_PATHS = NO;
				ASSETCATALOG_COMPILER_GENERATE_SWIFT_ASSET_SYMBOL_EXTENSIONS = YES;
				CLANG_ANALYZER_NONNULL = YES;
				CLANG_ANALYZER_NUMBER_OBJECT_CONVERSION = YES_AGGRESSIVE;
				CLANG_CXX_LANGUAGE_STANDARD = "gnu++20";
				CLANG_ENABLE_MODULES = YES;
				CLANG_ENABLE_OBJC_ARC = YES;
				CLANG_ENABLE_OBJC_WEAK = YES;
				CLANG_WARN_BLOCK_CAPTURE_AUTORELEASING = YES;
				CLANG_WARN_BOOL_CONVERSION = YES;
				CLANG_WARN_COMMA = YES;
				CLANG_WARN_CONSTANT_CONVERSION = YES;
				CLANG_WARN_DEPRECATED_OBJC_IMPLEMENTATIONS = YES;
				CLANG_WARN_DIRECT_OBJC_ISA_USAGE = YES_ERROR;
				CLANG_WARN_DOCUMENTATION_COMMENTS = YES;
				CLANG_WARN_EMPTY_BODY = YES;
				CLANG_WARN_ENUM_CONVERSION = YES;
				CLANG_WARN_INFINITE_RECURSION = YES;
				CLANG_WARN_INT_CONVERSION = YES;
				CLANG_WARN_NON_LITERAL_NULL_CONVERSION = YES;
				CLANG_WARN_OBJC_IMPLICIT_RETAIN_SELF = YES;
				CLANG_WARN_OBJC_LITERAL_CONVERSION = YES;
				CLANG_WARN_OBJC_ROOT_CLASS = YES_ERROR;
				CLANG_WARN_QUOTED_INCLUDE_IN_FRAMEWORK_HEADER = YES;
				CLANG_WARN_RANGE_LOOP_ANALYSIS = YES;
				CLANG_WARN_STRICT_PROTOTYPES = YES;
				CLANG_WARN_SUSPICIOUS_MOVE = YES;
				CLANG_WARN_UNGUARDED_AVAILABILITY = YES_AGGRESSIVE;
				CLANG_WARN_UNREACHABLE_CODE = YES;
				CLANG_WARN__DUPLICATE_METHOD_MATCH = YES;
				COPY_PHASE_STRIP = NO;
				DEBUG_INFORMATION_FORMAT = "dwarf-with-dsym";
				ENABLE_NS_ASSERTIONS = NO;
				ENABLE_STRICT_OBJC_MSGSEND = YES;
				ENABLE_USER_SCRIPT_SANDBOXING = YES;
				GCC_C_LANGUAGE_STANDARD = gnu17;
				GCC_NO_COMMON_BLOCKS = YES;
				GCC_WARN_64_TO_32_BIT_CONVERSION = YES;
				GCC_WARN_ABOUT_RETURN_TYPE = YES_ERROR;
				GCC_WARN_UNDECLARED_SELECTOR = YES;
				GCC_WARN_UNINITIALIZED_AUTOS = YES_AGGRESSIVE;
				GCC_WARN_UNUSED_FUNCTION = YES;
				GCC_WARN_UNUSED_VARIABLE = YES;
				IPHONEOS_DEPLOYMENT_TARGET = 17.2;
				LOCALIZATION_PREFERS_STRING_CATALOGS = YES;
				MTL_ENABLE_DEBUG_INFO = NO;
				MTL_FAST_MATH = YES;
				SDKROOT = iphoneos;
				SWIFT_COMPILATION_MODE = wholemodule;
				VALIDATE_PRODUCT = YES;
			};
			name = Release;
		};
		BA7CF2522B96D518004C2317 /* Debug */ = {
			isa = XCBuildConfiguration;
			buildSettings = {
				ASSETCATALOG_COMPILER_APPICON_NAME = AppIcon;
				ASSETCATALOG_COMPILER_GLOBAL_ACCENT_COLOR_NAME = AccentColor;
				CODE_SIGN_STYLE = Automatic;
				CURRENT_PROJECT_VERSION = 1;
				DEVELOPMENT_TEAM = AJ3WHAD33J;
				GENERATE_INFOPLIST_FILE = YES;
				INFOPLIST_FILE = Navigation/Info.plist;
				INFOPLIST_KEY_NSLocationWhenInUseUsageDescription = "Your precise location is used to calculate turn-by-turn directions, show your location on the map, and help improve the map.";
				INFOPLIST_KEY_UIApplicationSupportsIndirectInputEvents = YES;
				INFOPLIST_KEY_UILaunchStoryboardName = LaunchScreen;
				INFOPLIST_KEY_UIMainStoryboardFile = Main;
				INFOPLIST_KEY_UIStatusBarStyle = "";
				INFOPLIST_KEY_UISupportedInterfaceOrientations = UIInterfaceOrientationPortrait;
				INFOPLIST_KEY_UISupportedInterfaceOrientations_iPad = "UIInterfaceOrientationLandscapeLeft UIInterfaceOrientationLandscapeRight UIInterfaceOrientationPortrait UIInterfaceOrientationPortraitUpsideDown";
				IPHONEOS_DEPLOYMENT_TARGET = 17.0;
				LD_RUNPATH_SEARCH_PATHS = (
					"$(inherited)",
					"@executable_path/Frameworks",
				);
				MARKETING_VERSION = 1.0;
				PRODUCT_BUNDLE_IDENTIFIER = jennyyu.test.Navigation;
				PRODUCT_NAME = "$(TARGET_NAME)";
				SWIFT_EMIT_LOC_STRINGS = YES;
				SWIFT_VERSION = 5.0;
				TARGETED_DEVICE_FAMILY = 1;
			};
			name = Debug;
		};
		BA7CF2532B96D518004C2317 /* Release */ = {
			isa = XCBuildConfiguration;
			buildSettings = {
				ASSETCATALOG_COMPILER_APPICON_NAME = AppIcon;
				ASSETCATALOG_COMPILER_GLOBAL_ACCENT_COLOR_NAME = AccentColor;
				CODE_SIGN_STYLE = Automatic;
				CURRENT_PROJECT_VERSION = 1;
				DEVELOPMENT_TEAM = AJ3WHAD33J;
				GENERATE_INFOPLIST_FILE = YES;
				INFOPLIST_FILE = Navigation/Info.plist;
				INFOPLIST_KEY_NSLocationWhenInUseUsageDescription = "Your precise location is used to calculate turn-by-turn directions, show your location on the map, and help improve the map.";
				INFOPLIST_KEY_UIApplicationSupportsIndirectInputEvents = YES;
				INFOPLIST_KEY_UILaunchStoryboardName = LaunchScreen;
				INFOPLIST_KEY_UIMainStoryboardFile = Main;
				INFOPLIST_KEY_UIStatusBarStyle = "";
				INFOPLIST_KEY_UISupportedInterfaceOrientations = UIInterfaceOrientationPortrait;
				INFOPLIST_KEY_UISupportedInterfaceOrientations_iPad = "UIInterfaceOrientationLandscapeLeft UIInterfaceOrientationLandscapeRight UIInterfaceOrientationPortrait UIInterfaceOrientationPortraitUpsideDown";
				IPHONEOS_DEPLOYMENT_TARGET = 17.0;
				LD_RUNPATH_SEARCH_PATHS = (
					"$(inherited)",
					"@executable_path/Frameworks",
				);
				MARKETING_VERSION = 1.0;
				PRODUCT_BUNDLE_IDENTIFIER = jennyyu.test.Navigation;
				PRODUCT_NAME = "$(TARGET_NAME)";
				SWIFT_EMIT_LOC_STRINGS = YES;
				SWIFT_VERSION = 5.0;
				TARGETED_DEVICE_FAMILY = 1;
			};
			name = Release;
		};
		BA7CF2552B96D518004C2317 /* Debug */ = {
			isa = XCBuildConfiguration;
			buildSettings = {
				ALWAYS_EMBED_SWIFT_STANDARD_LIBRARIES = YES;
				BUNDLE_LOADER = "$(TEST_HOST)";
				CODE_SIGN_STYLE = Automatic;
				CURRENT_PROJECT_VERSION = 1;
				DEVELOPMENT_TEAM = AJ3WHAD33J;
				GENERATE_INFOPLIST_FILE = YES;
				IPHONEOS_DEPLOYMENT_TARGET = 17.2;
				MARKETING_VERSION = 1.0;
				PRODUCT_BUNDLE_IDENTIFIER = test.NavigationTests;
				PRODUCT_NAME = "$(TARGET_NAME)";
				SWIFT_EMIT_LOC_STRINGS = NO;
				SWIFT_VERSION = 5.0;
				TARGETED_DEVICE_FAMILY = "1,2";
				TEST_HOST = "$(BUILT_PRODUCTS_DIR)/Navigation.app/$(BUNDLE_EXECUTABLE_FOLDER_PATH)/Navigation";
			};
			name = Debug;
		};
		BA7CF2562B96D518004C2317 /* Release */ = {
			isa = XCBuildConfiguration;
			buildSettings = {
				ALWAYS_EMBED_SWIFT_STANDARD_LIBRARIES = YES;
				BUNDLE_LOADER = "$(TEST_HOST)";
				CODE_SIGN_STYLE = Automatic;
				CURRENT_PROJECT_VERSION = 1;
				DEVELOPMENT_TEAM = AJ3WHAD33J;
				GENERATE_INFOPLIST_FILE = YES;
				IPHONEOS_DEPLOYMENT_TARGET = 17.2;
				MARKETING_VERSION = 1.0;
				PRODUCT_BUNDLE_IDENTIFIER = test.NavigationTests;
				PRODUCT_NAME = "$(TARGET_NAME)";
				SWIFT_EMIT_LOC_STRINGS = NO;
				SWIFT_VERSION = 5.0;
				TARGETED_DEVICE_FAMILY = "1,2";
				TEST_HOST = "$(BUILT_PRODUCTS_DIR)/Navigation.app/$(BUNDLE_EXECUTABLE_FOLDER_PATH)/Navigation";
			};
			name = Release;
		};
		BA7CF2582B96D518004C2317 /* Debug */ = {
			isa = XCBuildConfiguration;
			buildSettings = {
				ALWAYS_EMBED_SWIFT_STANDARD_LIBRARIES = YES;
				CODE_SIGN_STYLE = Automatic;
				CURRENT_PROJECT_VERSION = 1;
				DEVELOPMENT_TEAM = AJ3WHAD33J;
				GENERATE_INFOPLIST_FILE = YES;
				MARKETING_VERSION = 1.0;
				PRODUCT_BUNDLE_IDENTIFIER = test.NavigationUITests;
				PRODUCT_NAME = "$(TARGET_NAME)";
				SWIFT_EMIT_LOC_STRINGS = NO;
				SWIFT_VERSION = 5.0;
				TARGETED_DEVICE_FAMILY = "1,2";
				TEST_TARGET_NAME = Navigation;
			};
			name = Debug;
		};
		BA7CF2592B96D518004C2317 /* Release */ = {
			isa = XCBuildConfiguration;
			buildSettings = {
				ALWAYS_EMBED_SWIFT_STANDARD_LIBRARIES = YES;
				CODE_SIGN_STYLE = Automatic;
				CURRENT_PROJECT_VERSION = 1;
				DEVELOPMENT_TEAM = AJ3WHAD33J;
				GENERATE_INFOPLIST_FILE = YES;
				MARKETING_VERSION = 1.0;
				PRODUCT_BUNDLE_IDENTIFIER = test.NavigationUITests;
				PRODUCT_NAME = "$(TARGET_NAME)";
				SWIFT_EMIT_LOC_STRINGS = NO;
				SWIFT_VERSION = 5.0;
				TARGETED_DEVICE_FAMILY = "1,2";
				TEST_TARGET_NAME = Navigation;
			};
			name = Release;
		};
/* End XCBuildConfiguration section */

/* Begin XCConfigurationList section */
		BA7CF2222B96D516004C2317 /* Build configuration list for PBXProject "Navigation" */ = {
			isa = XCConfigurationList;
			buildConfigurations = (
				BA7CF24F2B96D518004C2317 /* Debug */,
				BA7CF2502B96D518004C2317 /* Release */,
			);
			defaultConfigurationIsVisible = 0;
			defaultConfigurationName = Release;
		};
		BA7CF2512B96D518004C2317 /* Build configuration list for PBXNativeTarget "Navigation" */ = {
			isa = XCConfigurationList;
			buildConfigurations = (
				BA7CF2522B96D518004C2317 /* Debug */,
				BA7CF2532B96D518004C2317 /* Release */,
			);
			defaultConfigurationIsVisible = 0;
			defaultConfigurationName = Release;
		};
		BA7CF2542B96D518004C2317 /* Build configuration list for PBXNativeTarget "NavigationTests" */ = {
			isa = XCConfigurationList;
			buildConfigurations = (
				BA7CF2552B96D518004C2317 /* Debug */,
				BA7CF2562B96D518004C2317 /* Release */,
			);
			defaultConfigurationIsVisible = 0;
			defaultConfigurationName = Release;
		};
		BA7CF2572B96D518004C2317 /* Build configuration list for PBXNativeTarget "NavigationUITests" */ = {
			isa = XCConfigurationList;
			buildConfigurations = (
				BA7CF2582B96D518004C2317 /* Debug */,
				BA7CF2592B96D518004C2317 /* Release */,
			);
			defaultConfigurationIsVisible = 0;
			defaultConfigurationName = Release;
		};
/* End XCConfigurationList section */

/* Begin XCRemoteSwiftPackageReference section */
		BA7CF25A2B96D708004C2317 /* XCRemoteSwiftPackageReference "mapbox-navigation-ios" */ = {
			isa = XCRemoteSwiftPackageReference;
			repositoryURL = "https://github.com/mapbox/mapbox-navigation-ios.git";
			requirement = {
				kind = upToNextMajorVersion;
				minimumVersion = 2.7.0;
			};
		};
/* End XCRemoteSwiftPackageReference section */

/* Begin XCSwiftPackageProductDependency section */
		BA7CF25B2B96E01F004C2317 /* MapboxCoreNavigation */ = {
			isa = XCSwiftPackageProductDependency;
			package = BA7CF25A2B96D708004C2317 /* XCRemoteSwiftPackageReference "mapbox-navigation-ios" */;
			productName = MapboxCoreNavigation;
		};
		BA7CF25D2B96E01F004C2317 /* MapboxNavigation */ = {
			isa = XCSwiftPackageProductDependency;
			package = BA7CF25A2B96D708004C2317 /* XCRemoteSwiftPackageReference "mapbox-navigation-ios" */;
			productName = MapboxNavigation;
		};
/* End XCSwiftPackageProductDependency section */
	};
	rootObject = BA7CF21F2B96D516004C2317 /* Project object */;
}
